# generated by rye
# use `rye lock` or `rye sync` to update this lockfile
#
# last locked with the following flags:
#   pre: false
#   features: []
#   all-features: true
#   with-sources: false
#   generate-hashes: false
#   universal: false

-e file:.
accelerate==1.14.0
    # via unstructured-inference
aiofiles==25.1.0
    # via unstructured-client
annotated-doc==0.0.4
    # via typer
annotated-types==0.7.0
    # via pydantic
anyio==4.14.0
    # via httpx
    # via mcp
    # via openai
    # via sse-starlette
    # via starlette
attrs==26.1.0
    # via jsonschema
    # via referencing
backoff==2.2.1
    # via posthog
beautifulsoup4==4.15.0
    # via unstructured
blis==1.3.3
    # via thinc
catalogue==2.0.10
    # via spacy
    # via srsly
    # via thinc
certifi==2026.6.17
    # via httpcore
    # via httpx
    # via requests
cffi==2.0.0
    # via cryptography
charset-normalizer==3.4.7
    # via pdfminer-six
    # via requests
    # via unstructured
click==8.4.1
    # via huggingface-hub
    # via python-oxmsg
    # via typer
    # via uvicorn
cloudpathlib==0.24.0
    # via weasel
confection==1.3.3
    # via spacy
    # via thinc
    # via weasel
contourpy==1.3.3
    # via matplotlib
coverage==7.14.1
    # via pytest-cov
cryptography==49.0.0
    # via google-auth
    # via msoffcrypto-tool
    # via pdfminer-six
    # via pyjwt
cycler==0.12.1
    # via matplotlib
cymem==2.0.13
    # via preshed
    # via spacy
    # via thinc
distro==1.9.0
    # via openai
    # via posthog
emoji==2.15.0
    # via unstructured
et-xmlfile==2.0.0
    # via openpyxl
filelock==3.29.4
    # via huggingface-hub
    # via torch
    # via unstructured
filetype==1.2.0
    # via unstructured
flatbuffers==25.12.19
    # via onnxruntime
fonttools==4.63.0
    # via matplotlib
fsspec==2026.6.0
    # via huggingface-hub
    # via torch
google-api-core==2.31.0
    # via google-cloud-vision
google-auth==2.55.0
    # via google-api-core
    # via google-cloud-vision
google-cloud-vision==3.14.0
    # via unstructured
googleapis-common-protos==1.75.0
    # via google-api-core
    # via grpcio-status
graphiti-core==0.29.2
    # via local-rag-backend
grpcio==1.81.1
    # via google-api-core
    # via google-cloud-vision
    # via grpcio-status
grpcio-status==1.81.1
    # via google-api-core
h11==0.16.0
    # via httpcore
    # via uvicorn
hf-xet==1.5.1
    # via huggingface-hub
html5lib==1.1
    # via unstructured
httpcore==1.0.9
    # via httpx
    # via unstructured-client
httpx==0.28.1
    # via huggingface-hub
    # via mcp
    # via openai
    # via unstructured-client
    # via weasel
httpx-sse==0.4.3
    # via mcp
huggingface-hub==1.20.0
    # via accelerate
    # via timm
    # via tokenizers
    # via transformers
    # via unstructured-inference
idna==3.18
    # via anyio
    # via httpx
    # via requests
iniconfig==2.3.0
    # via pytest
installer==0.7.0
    # via unstructured
jinja2==3.1.6
    # via spacy
    # via torch
jiter==0.15.0
    # via openai
jsonschema==4.26.0
    # via mcp
jsonschema-specifications==2025.9.1
    # via jsonschema
kiwisolver==1.5.0
    # via matplotlib
langdetect==1.0.9
    # via unstructured
llvmlite==0.47.0
    # via numba
lxml==6.1.1
    # via pikepdf
    # via python-docx
    # via python-pptx
    # via unstructured
markdown==3.10.2
    # via unstructured
markdown-it-py==4.2.0
    # via rich
markupsafe==3.0.3
    # via jinja2
matplotlib==3.11.0
    # via unstructured-inference
mcp==1.28.0
    # via local-rag-backend
mdurl==0.1.2
    # via markdown-it-py
ml-dtypes==0.5.4
    # via onnx
more-itertools==11.1.0
    # via openai-whisper
mpmath==1.3.0
    # via sympy
msoffcrypto-tool==6.0.0
    # via unstructured
murmurhash==1.0.15
    # via preshed
    # via spacy
    # via thinc
neo4j==6.2.0
    # via graphiti-core
networkx==3.6.1
    # via torch
    # via unstructured
numba==0.65.1
    # via openai-whisper
    # via unstructured
numpy==2.4.6
    # via accelerate
    # via blis
    # via contourpy
    # via graphiti-core
    # via matplotlib
    # via ml-dtypes
    # via numba
    # via onnx
    # via onnxruntime
    # via openai-whisper
    # via opencv-python
    # via pandas
    # via scipy
    # via spacy
    # via thinc
    # via torchvision
    # via transformers
    # via unstructured
    # via unstructured-inference
olefile==0.47
    # via msoffcrypto-tool
    # via python-oxmsg
onnx==1.22.0
    # via unstructured-inference
onnxruntime==1.27.0
    # via unstructured-inference
openai==2.43.0
    # via graphiti-core
openai-whisper==20250625
    # via unstructured
opencv-python==4.13.0.92
    # via unstructured-inference
openpyxl==3.1.5
    # via unstructured
packaging==26.2
    # via accelerate
    # via huggingface-hub
    # via matplotlib
    # via onnxruntime
    # via pikepdf
    # via pytest
    # via spacy
    # via thinc
    # via transformers
    # via unstructured-pytesseract
    # via weasel
pandas==2.3.3
    # via unstructured
    # via unstructured-inference
pdf2image==1.17.0
    # via unstructured
pdfminer-six==20260107
    # via unstructured
    # via unstructured-inference
pi-heif==1.4.0
    # via unstructured
pikepdf==10.8.0
    # via unstructured
pillow==12.2.0
    # via matplotlib
    # via pdf2image
    # via pi-heif
    # via pikepdf
    # via python-pptx
    # via torchvision
    # via unstructured-pytesseract
pluggy==1.6.0
    # via pytest
    # via pytest-cov
posthog==7.19.2
    # via graphiti-core
preshed==3.0.13
    # via spacy
    # via thinc
proto-plus==1.28.0
    # via google-api-core
    # via google-cloud-vision
protobuf==7.35.1
    # via google-api-core
    # via google-cloud-vision
    # via googleapis-common-protos
    # via grpcio-status
    # via onnx
    # via onnxruntime
    # via proto-plus
psutil==7.2.2
    # via accelerate
    # via unstructured
pyasn1==0.6.3
    # via pyasn1-modules
pyasn1-modules==0.4.2
    # via google-auth
pycparser==3.0
    # via cffi
pydantic==2.13.4
    # via graphiti-core
    # via mcp
    # via openai
    # via pydantic-settings
    # via spacy
    # via thinc
    # via unstructured-client
    # via weasel
pydantic-core==2.46.4
    # via pydantic
pydantic-settings==2.14.1
    # via mcp
pygments==2.20.0
    # via pytest
    # via rich
pyjwt==2.13.0
    # via mcp
pypandoc-binary==1.17
    # via unstructured
pyparsing==3.3.2
    # via matplotlib
pypdf==6.13.3
    # via unstructured
    # via unstructured-client
pypdfium2==5.10.1
    # via unstructured-client
    # via unstructured-inference
pytest==9.1.0
    # via pytest-asyncio
    # via pytest-cov
pytest-asyncio==1.4.0
pytest-cov==7.1.0
python-dateutil==2.9.0.post0
    # via matplotlib
    # via pandas
python-docx==1.2.0
    # via unstructured
python-dotenv==1.2.2
    # via graphiti-core
    # via local-rag-backend
    # via pydantic-settings
python-iso639==2026.4.20
    # via unstructured
python-magic==0.4.27
    # via unstructured
python-multipart==0.0.32
    # via mcp
python-oxmsg==0.0.2
    # via unstructured
python-pptx==1.0.2
    # via unstructured
pytz==2026.2
    # via neo4j
    # via pandas
pyyaml==6.0.3
    # via accelerate
    # via huggingface-hub
    # via timm
    # via transformers
rapidfuzz==3.14.5
    # via unstructured
    # via unstructured-inference
referencing==0.37.0
    # via jsonschema
    # via jsonschema-specifications
regex==2026.5.9
    # via tiktoken
    # via transformers
    # via unstructured
requests==2.34.2
    # via google-api-core
    # via posthog
    # via requests-toolbelt
    # via spacy
    # via tiktoken
    # via unstructured
requests-toolbelt==1.0.0
    # via unstructured-client
rich==15.0.0
    # via typer
rpds-py==2026.5.1
    # via jsonschema
    # via referencing
safetensors==0.8.0
    # via accelerate
    # via timm
    # via transformers
scipy==1.17.1
    # via unstructured-inference
setuptools==82.0.1
    # via spacy
    # via thinc
    # via torch
shellingham==1.5.4
    # via typer
six==1.17.0
    # via html5lib
    # via langdetect
    # via python-dateutil
smart-open==7.6.1
    # via weasel
sniffio==1.3.1
    # via openai
soupsieve==2.8.4
    # via beautifulsoup4
spacy==3.8.14
    # via unstructured
spacy-legacy==3.0.12
    # via spacy
spacy-loggers==1.0.5
    # via spacy
srsly==2.5.3
    # via spacy
    # via thinc
    # via weasel
sse-starlette==3.4.4
    # via mcp
starlette==1.3.1
    # via mcp
    # via sse-starlette
sympy==1.14.0
    # via torch
tenacity==9.1.4
    # via graphiti-core
thinc==8.3.13
    # via spacy
tiktoken==0.13.0
    # via openai-whisper
timm==1.0.27
    # via unstructured-inference
tokenizers==0.22.2
    # via transformers
torch==2.10.0
    # via accelerate
    # via openai-whisper
    # via timm
    # via torchvision
    # via unstructured-inference
torchvision==0.25.0
    # via timm
tqdm==4.68.3
    # via huggingface-hub
    # via openai
    # via openai-whisper
    # via spacy
    # via transformers
    # via unstructured
transformers==5.12.1
    # via unstructured-inference
typer==0.25.1
    # via huggingface-hub
    # via spacy
    # via transformers
    # via weasel
typing-extensions==4.15.0
    # via anyio
    # via beautifulsoup4
    # via grpcio
    # via huggingface-hub
    # via mcp
    # via onnx
    # via openai
    # via posthog
    # via pydantic
    # via pydantic-core
    # via pytest-asyncio
    # via python-docx
    # via python-oxmsg
    # via python-pptx
    # via referencing
    # via starlette
    # via torch
    # via typing-inspection
    # via unstructured
typing-inspection==0.4.2
    # via mcp
    # via pydantic
    # via pydantic-settings
tzdata==2026.2
    # via pandas
unstructured==0.23.1
    # via local-rag-backend
unstructured-client==0.45.0
    # via unstructured
unstructured-inference==1.6.13
    # via unstructured
unstructured-pytesseract==0.3.15
    # via unstructured
urllib3==2.7.0
    # via requests
uvicorn==0.49.0
    # via mcp
wasabi==1.1.3
    # via spacy
    # via thinc
    # via weasel
weasel==1.0.0
    # via spacy
webencodings==0.5.1
    # via html5lib
wrapt==2.2.1
    # via smart-open
    # via unstructured
xlrd==2.0.2
    # via unstructured
xlsxwriter==3.2.9
    # via python-pptx
