# generated by rye
# use `rye lock` or `rye sync` to update this lockfile
#
# last locked with the following flags:
#   pre: false
#   features: []
#   all-features: false
#   with-sources: false
#   generate-hashes: false
#   universal: false

-e file:.
annotated-types==0.7.0
    # via pydantic
anyio==4.9.0
    # via httpx
    # via mcp
    # via openai
    # via sse-starlette
    # via starlette
async-timeout==5.0.1
    # via redis
certifi==2025.4.26
    # via httpcore
    # via httpx
click==8.2.1
    # via uvicorn
diskcache==5.6.3
    # via graphiti-core
distro==1.9.0
    # via openai
exceptiongroup==1.3.0
    # via anyio
falkordb==1.1.2
    # via graphiti-core
graphiti-core==0.12.0
    # via mcp-server
h11==0.16.0
    # via httpcore
    # via uvicorn
httpcore==1.0.9
    # via httpx
httpx==0.28.1
    # via mcp
    # via mcp-server
    # via openai
httpx-sse==0.4.0
    # via mcp
idna==3.10
    # via anyio
    # via httpx
jiter==0.10.0
    # via openai
mcp==1.9.4
    # via mcp-server
neo4j==5.28.1
    # via graphiti-core
numpy==2.2.6
    # via graphiti-core
openai==1.86.0
    # via graphiti-core
    # via mcp-server
pydantic==2.11.7
    # via graphiti-core
    # via mcp
    # via openai
    # via pydantic-settings
pydantic-core==2.33.2
    # via pydantic
pydantic-settings==2.9.1
    # via mcp
pyjwt==2.9.0
    # via redis
python-dotenv==1.1.0
    # via graphiti-core
    # via pydantic-settings
python-multipart==0.0.20
    # via mcp
pytz==2025.2
    # via neo4j
redis==5.3.0
    # via falkordb
sniffio==1.3.1
    # via anyio
    # via openai
sse-starlette==2.3.6
    # via mcp
starlette==0.47.0
    # via mcp
tenacity==9.1.2
    # via graphiti-core
tqdm==4.67.1
    # via openai
typing-extensions==4.14.0
    # via anyio
    # via exceptiongroup
    # via openai
    # via pydantic
    # via pydantic-core
    # via typing-inspection
    # via uvicorn
typing-inspection==0.4.1
    # via pydantic
    # via pydantic-settings
uvicorn==0.34.3
    # via mcp
